
Microsoft Visual Studio Solution File, Format Version 12.00
# Visual Studio Version 16
VisualStudioVersion = 16.0.30225.117
MinimumVisualStudioVersion = 10.0.40219.1
Project("{9A19103F-16F7-4668-BE54-9A1E7A4F7556}") = "fhir.distillery", "fhir.distillery\fhir.distillery.csproj", "{7298B5E2-3CA5-4010-B8B6-E872F87C6CF3}"
EndProject
Project("{9A19103F-16F7-4668-BE54-9A1E7A4F7556}") = "fhir.distillery.test", "fhir.distillery.test\fhir.distillery.test.csproj", "{DA74653C-5360-41A7-812E-A0F0A30C2E5D}"
EndProject
Global
	GlobalSection(SolutionConfigurationPlatforms) = preSolution
		Debug|Any CPU = Debug|Any CPU
		Release|Any CPU = Release|Any CPU
	EndGlobalSection
	GlobalSection(ProjectConfigurationPlatforms) = postSolution
		{7298B5E2-3CA5-4010-B8B6-E872F87C6CF3}.Debug|Any CPU.ActiveCfg = Debug|Any CPU
		{7298B5E2-3CA5-4010-B8B6-E872F87C6CF3}.Debug|Any CPU.Build.0 = Debug|Any CPU
		{7298B5E2-3CA5-4010-B8B6-E872F87C6CF3}.Release|Any CPU.ActiveCfg = Release|Any CPU
		{7298B5E2-3CA5-4010-B8B6-E872F87C6CF3}.Release|Any CPU.Build.0 = Release|Any CPU
		{DA74653C-5360-41A7-812E-A0F0A30C2E5D}.Debug|Any CPU.ActiveCfg = Debug|Any CPU
		{DA74653C-5360-41A7-812E-A0F0A30C2E5D}.Debug|Any CPU.Build.0 = Debug|Any CPU
		{DA74653C-5360-41A7-812E-A0F0A30C2E5D}.Release|Any CPU.ActiveCfg = Release|Any CPU
		{DA74653C-5360-41A7-812E-A0F0A30C2E5D}.Release|Any CPU.Build.0 = Release|Any CPU
	EndGlobalSection
	GlobalSection(SolutionProperties) = preSolution
		HideSolutionNode = FALSE
	EndGlobalSection
	GlobalSection(ExtensibilityGlobals) = postSolution
		SolutionGuid = {7C37B2C1-6DC9-4457-8F92-BFED37C03BD0}
	EndGlobalSection
EndGlobal
